
Microsoft Visual Studio Solution File, Format Version 12.00
# Visual Studio Version 17
VisualStudioVersion = 17.10.35027.167
MinimumVisualStudioVersion = 10.0.40219.1
Project("{FAE04EC0-301F-11D3-BF4B-00C04F79EFBC}") = "StockControlMvc", "StockControlMvc\StockControlMvc.csproj", "{FBA57A77-9D1C-4D86-8064-8716A8ADCD84}"
EndProject
Global
	GlobalSection(SolutionConfigurationPlatforms) = preSolution
		Debug|Any CPU = Debug|Any CPU
		Release|Any CPU = Release|Any CPU
	EndGlobalSection
	GlobalSection(ProjectConfigurationPlatforms) = postSolution
		{FBA57A77-9D1C-4D86-8064-8716A8ADCD84}.Debug|Any CPU.ActiveCfg = Debug|Any CPU
		{FBA57A77-9D1C-4D86-8064-8716A8ADCD84}.Debug|Any CPU.Build.0 = Debug|Any CPU
		{FBA57A77-9D1C-4D86-8064-8716A8ADCD84}.Release|Any CPU.ActiveCfg = Release|Any CPU
		{FBA57A77-9D1C-4D86-8064-8716A8ADCD84}.Release|Any CPU.Build.0 = Release|Any CPU
	EndGlobalSection
	GlobalSection(SolutionProperties) = preSolution
		HideSolutionNode = FALSE
	EndGlobalSection
	GlobalSection(ExtensibilityGlobals) = postSolution
		SolutionGuid = {F41EFDC0-B38E-4959-8F1E-A3A74E93BEA0}
	EndGlobalSection
EndGlobal
